{
  "name": "move-simulator",
  "version": "1.0.0",
  "lockfileVersion": 3,
  "requires": true,
  "packages": {
    "": {
      "name": "move-simulator",
      "version": "1.0.0",
      "dependencies": {
        "move-simulator": "file:"
      }
    },
    "node_modules/move-simulator": {
      "resolved": "",
      "link": true
    }
  }
}
